<?xml version="1.0" encoding="utf-8"?>
<Project xmlns="http://schemas.microsoft.com/developer/msbuild/2003">
  <ItemGroup>
    <Filter Include="Generated Files">
      <UniqueIdentifier>{71ED8ED8-ACB9-4CE9-BBE1-E00B30144E11}</UniqueIdentifier>
      <Extensions>cpp;c;cxx;moc;h;def;odl;idl;res;</Extensions>
    </Filter>
    <Filter Include="Generated Files">
      <UniqueIdentifier>{71ED8ED8-ACB9-4CE9-BBE1-E00B30144E11}</UniqueIdentifier>
      <Extensions>cpp;c;cxx;moc;h;def;odl;idl;res;</Extensions>
    </Filter>
    <Filter Include="Resource Files">
      <UniqueIdentifier>{D9D6E242-F8AF-46E4-B9FD-80ECBC20BA3E}</UniqueIdentifier>
      <Extensions>qrc;*</Extensions>
      <ParseFiles>false</ParseFiles>
    </Filter>
    <Filter Include="Resource Files">
      <UniqueIdentifier>{D9D6E242-F8AF-46E4-B9FD-80ECBC20BA3E}</UniqueIdentifier>
      <Extensions>qrc;*</Extensions>
      <ParseFiles>false</ParseFiles>
    </Filter>
    <Filter Include="base">
      <UniqueIdentifier>{a51ab5ae-125d-4b41-ba3e-70f3427cc50b}</UniqueIdentifier>
    </Filter>
    <Filter Include="UavAdmin">
      <UniqueIdentifier>{3f557589-bcee-44d0-9997-f1e501575e2a}</UniqueIdentifier>
    </Filter>
    <Filter Include="UavAdmin\srcload">
      <UniqueIdentifier>{1bb5f50b-0285-4be6-9352-438ab074d0f3}</UniqueIdentifier>
    </Filter>
    <Filter Include="UavAdmin\VGViewerUI">
      <UniqueIdentifier>{4d8b6ce0-e26d-49df-b769-dc1b71633bc9}</UniqueIdentifier>
    </Filter>
    <Filter Include="UavAdmin\VGViewerUI\audio">
      <UniqueIdentifier>{b1b03817-c671-4f5b-9189-b795f7173be4}</UniqueIdentifier>
    </Filter>
    <Filter Include="UavAdmin\VGViewerUI\plant">
      <UniqueIdentifier>{a1d7f860-03d8-4490-b3b2-08eddb8e2658}</UniqueIdentifier>
    </Filter>
  </ItemGroup>
  <ItemGroup>
    <CustomBuild Include=".\moc\moc_predefs.h.cbt" />
  </ItemGroup>
  <ItemGroup>
    <None Include="res\qml\BluetoothGPS.qml">
      <Filter>Resource Files</Filter>
    </None>
    <None Include="res\qml\BluetoothSettings.qml">
      <Filter>Resource Files</Filter>
    </None>
    <None Include="res\image\C.png">
      <Filter>Resource Files</Filter>
    </None>
    <None Include="res\qml\GUISettings.qml">
      <Filter>Resource Files</Filter>
    </None>
    <None Include="res\qml\GroundSetting.qml">
      <Filter>Resource Files</Filter>
    </None>
    <None Include="res\image\H.svg">
      <Filter>Resource Files</Filter>
    </None>
    <None Include="res\qml\HomePage.qml">
      <Filter>Resource Files</Filter>
    </None>
    <None Include="res\qml\LandBoundary.qml">
      <Filter>Resource Files</Filter>
    </None>
    <None Include="res\qml\LandBoundarySave.qml">
      <Filter>Resource Files</Filter>
    </None>
    <None Include="res\qml\LandInfoEdit.qml">
      <Filter>Resource Files</Filter>
    </None>
    <None Include="res\qml\LandManager.qml">
      <Filter>Resource Files</Filter>
    </None>
    <None Include="res\qml\LandRouteOption.qml">
      <Filter>Resource Files</Filter>
    </None>
    <None Include="res\qml\ListViewIndicator.qml">
      <Filter>Resource Files</Filter>
    </None>
    <None Include="res\qml\LogPage.qml">
      <Filter>Resource Files</Filter>
    </None>
    <None Include="res\qml\LogginPage.qml">
      <Filter>Resource Files</Filter>
    </None>
    <None Include="res\qml\OperationPage.qml">
      <Filter>Resource Files</Filter>
    </None>
    <None Include="res\qml\ParameterView.qml">
      <Filter>Resource Files</Filter>
    </None>
    <None Include="res\qml\QXWZSetting.qml">
      <Filter>Resource Files</Filter>
    </None>
    <None Include="res\qml\RegisterPage.qml">
      <Filter>Resource Files</Filter>
    </None>
    <None Include="res\qml\RouteInfoEdit.qml">
      <Filter>Resource Files</Filter>
    </None>
    <None Include="res\qml\SerialSettings.qml">
      <Filter>Resource Files</Filter>
    </None>
    <None Include="res\qml\SurveyLand.qml">
      <Filter>Resource Files</Filter>
    </None>
    <None Include="res\qml\SurveyLandSave.qml">
      <Filter>Resource Files</Filter>
    </None>
    <None Include="res\qml\TestMotorPage.qml">
      <Filter>Resource Files</Filter>
    </None>
    <None Include="res\qml\UavEvents.qml">
      <Filter>Resource Files</Filter>
    </None>
    <None Include="res\qml\UdpSettings.qml">
      <Filter>Resource Files</Filter>
    </None>
    <None Include="res\qml\VGAreaEditRect.qml">
      <Filter>Resource Files</Filter>
    </None>
    <None Include="res\qml\VGBoundaryAdd.qml">
      <Filter>Resource Files</Filter>
    </None>
    <None Include="res\qml\VGBoundaryAdjust.qml">
      <Filter>Resource Files</Filter>
    </None>
    <None Include="res\qml\VGBoundaryEdit.qml">
      <Filter>Resource Files</Filter>
    </None>
    <None Include="res\qml\VGBoundaryInfo.qml">
      <Filter>Resource Files</Filter>
    </None>
    <None Include="res\qml\VGButtonStyle.qml">
      <Filter>Resource Files</Filter>
    </None>
    <None Include="res\qml\VGCheckBox.qml">
      <Filter>Resource Files</Filter>
    </None>
    <None Include="res\qml\VGComboBox.qml">
      <Filter>Resource Files</Filter>
    </None>
    <None Include="res\qml\VGEdgeShrink.qml">
      <Filter>Resource Files</Filter>
    </None>
    <None Include="res\qml\VGGenaralPage.qml">
      <Filter>Resource Files</Filter>
    </None>
    <None Include="res\qml\VGImage.qml">
      <Filter>Resource Files</Filter>
    </None>
    <None Include="res\qml\VGLandList.qml">
      <Filter>Resource Files</Filter>
    </None>
    <None Include="res\qml\VGMap.qml">
      <Filter>Resource Files</Filter>
    </None>
    <None Include="res\qml\VGMission.qml">
      <Filter>Resource Files</Filter>
    </None>
    <None Include="res\qml\VGOnKeyStart.qml">
      <Filter>Resource Files</Filter>
    </None>
    <None Include="res\qml\VGOperationHeader.qml">
      <Filter>Resource Files</Filter>
    </None>
    <None Include="res\qml\VGParamEdit.qml">
      <Filter>Resource Files</Filter>
    </None>
    <None Include="res\qml\VGParamView.qml">
      <Filter>Resource Files</Filter>
    </None>
    <QtRcc Include="VGPlantViewer.qrc">
      <Filter>Resource Files</Filter>
    </QtRcc>
    <None Include="res\qml\VGPopupButton.qml">
      <Filter>Resource Files</Filter>
    </None>
    <None Include="res\qml\VGRadioButton.qml">
      <Filter>Resource Files</Filter>
    </None>
    <None Include="res\qml\VGRouteList.qml">
      <Filter>Resource Files</Filter>
    </None>
    <None Include="res\qml\VGRoutePlan.qml">
      <Filter>Resource Files</Filter>
    </None>
    <None Include="res\qml\VGSlider.qml">
      <Filter>Resource Files</Filter>
    </None>
    <None Include="res\qml\VGSliderRect.qml">
      <Filter>Resource Files</Filter>
    </None>
    <None Include="res\qml\VGSplashScreen.qml">
      <Filter>Resource Files</Filter>
    </None>
    <None Include="res\qml\VGSupportEditRect.qml">
      <Filter>Resource Files</Filter>
    </None>
    <None Include="res\qml\VGSwitch.qml">
      <Filter>Resource Files</Filter>
    </None>
    <None Include="res\qml\VGTabHeader.qml">
      <Filter>Resource Files</Filter>
    </None>
    <None Include="res\qml\VGTextButton.qml">
      <Filter>Resource Files</Filter>
    </None>
    <None Include="res\qml\VGTextField.qml">
      <Filter>Resource Files</Filter>
    </None>
    <None Include="res\qml\VGTip.qml">
      <Filter>Resource Files</Filter>
    </None>
    <None Include="res\qml\VGTip2.qml">
      <Filter>Resource Files</Filter>
    </None>
    <None Include="res\qml\VGToolButton.qml">
      <Filter>Resource Files</Filter>
    </None>
    <None Include="res\qml\VGValueChange.qml">
      <Filter>Resource Files</Filter>
    </None>
    <None Include="res\qml\VGValueEdit.qml">
      <Filter>Resource Files</Filter>
    </None>
    <None Include="res\qml\VGValueItem.qml">
      <Filter>Resource Files</Filter>
    </None>
    <None Include="res\qml\VGValueShow.qml">
      <Filter>Resource Files</Filter>
    </None>
    <None Include="res\qml\VehicleManager.qml">
      <Filter>Resource Files</Filter>
    </None>
    <None Include="res\qml\VehicleSearch.qml">
      <Filter>Resource Files</Filter>
    </None>
    <None Include="res\qml\VoiceSetting.qml">
      <Filter>Resource Files</Filter>
    </None>
    <None Include="res\image\adbg.png">
      <Filter>Resource Files</Filter>
    </None>
    <None Include="res\image\add.png">
      <Filter>Resource Files</Filter>
    </None>
    <None Include="res\image\adjusting.png">
      <Filter>Resource Files</Filter>
    </None>
    <None Include="res\image\adjusting_gray.png">
      <Filter>Resource Files</Filter>
    </None>
    <None Include="res\image\arrow.png">
      <Filter>Resource Files</Filter>
    </None>
    <None Include="res\image\arrow_down.png">
      <Filter>Resource Files</Filter>
    </None>
    <None Include="res\image\arrow_down.svg">
      <Filter>Resource Files</Filter>
    </None>
    <None Include="res\image\arrow_gray.png">
      <Filter>Resource Files</Filter>
    </None>
    <None Include="res\image\arrow_left.svg">
      <Filter>Resource Files</Filter>
    </None>
    <None Include="res\image\arrow_right.svg">
      <Filter>Resource Files</Filter>
    </None>
    <None Include="res\image\arrow_up.svg">
      <Filter>Resource Files</Filter>
    </None>
    <None Include="res\image\backBg.png">
      <Filter>Resource Files</Filter>
    </None>
    <None Include="res\image\backBg_prs.png">
      <Filter>Resource Files</Filter>
    </None>
    <None Include="res\image\backb.png">
      <Filter>Resource Files</Filter>
    </None>
    <None Include="res\image\backb_prs.png">
      <Filter>Resource Files</Filter>
    </None>
    <None Include="res\image\backw.png">
      <Filter>Resource Files</Filter>
    </None>
    <None Include="res\image\backw_prs.png">
      <Filter>Resource Files</Filter>
    </None>
    <None Include="res\image\bind.svg">
      <Filter>Resource Files</Filter>
    </None>
    <None Include="res\image\block_add.png">
      <Filter>Resource Files</Filter>
    </None>
    <None Include="res\image\blocksTip.png">
      <Filter>Resource Files</Filter>
    </None>
    <None Include="res\image\bluetooth.png">
      <Filter>Resource Files</Filter>
    </None>
    <None Include="res\image\bluetooth_prs.png">
      <Filter>Resource Files</Filter>
    </None>
    <None Include="res\image\ccw.png">
      <Filter>Resource Files</Filter>
    </None>
    <None Include="res\image\center.png">
      <Filter>Resource Files</Filter>
    </None>
    <None Include="res\image\checked.png">
      <Filter>Resource Files</Filter>
    </None>
    <None Include="res\image\clear.png">
      <Filter>Resource Files</Filter>
    </None>
    <None Include="res\image\clock.png">
      <Filter>Resource Files</Filter>
    </None>
    <None Include="res\image\close.png">
      <Filter>Resource Files</Filter>
    </None>
    <None Include="res\image\close_prs.png">
      <Filter>Resource Files</Filter>
    </None>
    <None Include="res\image\compass.png">
      <Filter>Resource Files</Filter>
    </None>
    <None Include="res\image\confirm.png">
      <Filter>Resource Files</Filter>
    </None>
    <None Include="res\image\craft.png">
      <Filter>Resource Files</Filter>
    </None>
    <None Include="res\image\craft_gray.png">
      <Filter>Resource Files</Filter>
    </None>
    <None Include="res\image\cw.png">
      <Filter>Resource Files</Filter>
    </None>
    <None Include="res\image\dataSetting.png">
      <Filter>Resource Files</Filter>
    </None>
    <None Include="res\image\detail.png">
      <Filter>Resource Files</Filter>
    </None>
    <None Include="res\image\disConnect.svg">
      <Filter>Resource Files</Filter>
    </None>
    <None Include="res\image\end.png">
      <Filter>Resource Files</Filter>
    </None>
    <None Include="res\image\errRange.png">
      <Filter>Resource Files</Filter>
    </None>
    <None Include="res\image\forbidden.png">
      <Filter>Resource Files</Filter>
    </None>
    <None Include="res\image\gps.png">
      <Filter>Resource Files</Filter>
    </None>
    <None Include="res\image\height.png">
      <Filter>Resource Files</Filter>
    </None>
    <None Include="res\image\height2.png">
      <Filter>Resource Files</Filter>
    </None>
    <None Include="res\image\hold.png">
      <Filter>Resource Files</Filter>
    </None>
    <None Include="res\image\imitateGround.png">
      <Filter>Resource Files</Filter>
    </None>
    <None Include="res\image\linked.png">
      <Filter>Resource Files</Filter>
    </None>
    <None Include="res\image\lock.png">
      <Filter>Resource Files</Filter>
    </None>
    <None Include="res\image\logginBg.png">
      <Filter>Resource Files</Filter>
    </None>
    <None Include="res\image\magnetic.png">
      <Filter>Resource Files</Filter>
    </None>
    <None Include="res\qml\main.qml">
      <Filter>Resource Files</Filter>
    </None>
    <None Include="res\image\marker.png">
      <Filter>Resource Files</Filter>
    </None>
    <None Include="res\image\marker_gray.png">
      <Filter>Resource Files</Filter>
    </None>
    <None Include="res\image\maximum.png">
      <Filter>Resource Files</Filter>
    </None>
    <None Include="res\image\medVol.png">
      <Filter>Resource Files</Filter>
    </None>
    <None Include="res\image\minimum.png">
      <Filter>Resource Files</Filter>
    </None>
    <None Include="res\image\minus.png">
      <Filter>Resource Files</Filter>
    </None>
    <None Include="res\image\model.png">
      <Filter>Resource Files</Filter>
    </None>
    <None Include="res\image\model2.png">
      <Filter>Resource Files</Filter>
    </None>
    <None Include="res\image\motor.png">
      <Filter>Resource Files</Filter>
    </None>
    <None Include="res\image\notile.png">
      <Filter>Resource Files</Filter>
    </None>
    <None Include="res\image\orientate.png">
      <Filter>Resource Files</Filter>
    </None>
    <None Include="res\image\owner.png">
      <Filter>Resource Files</Filter>
    </None>
    <None Include="res\image\pitch.png">
      <Filter>Resource Files</Filter>
    </None>
    <None Include="res\image\plane.svg">
      <Filter>Resource Files</Filter>
    </None>
    <None Include="res\image\plane_gray.svg">
      <Filter>Resource Files</Filter>
    </None>
    <None Include="res\image\plant.png">
      <Filter>Resource Files</Filter>
    </None>
    <None Include="res\image\plantG.svg">
      <Filter>Resource Files</Filter>
    </None>
    <None Include="res\image\plantV.png">
      <Filter>Resource Files</Filter>
    </None>
    <None Include="res\image\plantV_gray.png">
      <Filter>Resource Files</Filter>
    </None>
    <None Include="res\image\position.png">
      <Filter>Resource Files</Filter>
    </None>
    <None Include="res\image\position_gray.png">
      <Filter>Resource Files</Filter>
    </None>
    <None Include="res\image\postip.png">
      <Filter>Resource Files</Filter>
    </None>
    <None Include="res\image\power.png">
      <Filter>Resource Files</Filter>
    </None>
    <None Include="res\image\precision.png">
      <Filter>Resource Files</Filter>
    </None>
    <None Include="res\image\pump.png">
      <Filter>Resource Files</Filter>
    </None>
    <None Include="res\image\qxwz.png">
      <Filter>Resource Files</Filter>
    </None>
    <None Include="res\image\return.png">
      <Filter>Resource Files</Filter>
    </None>
    <None Include="res\image\roll.png">
      <Filter>Resource Files</Filter>
    </None>
    <None Include="res\image\routePlan.svg">
      <Filter>Resource Files</Filter>
    </None>
    <None Include="res\image\rtk.png">
      <Filter>Resource Files</Filter>
    </None>
    <None Include="res\image\rtkgps.png">
      <Filter>Resource Files</Filter>
    </None>
    <None Include="res\image\satellite.png">
      <Filter>Resource Files</Filter>
    </None>
    <None Include="res\image\scale.png">
      <Filter>Resource Files</Filter>
    </None>
    <None Include="res\image\scale_tip.png">
      <Filter>Resource Files</Filter>
    </None>
    <None Include="res\image\settings.png">
      <Filter>Resource Files</Filter>
    </None>
    <None Include="res\image\settings_prs.png">
      <Filter>Resource Files</Filter>
    </None>
    <None Include="res\image\shadow.png">
      <Filter>Resource Files</Filter>
    </None>
    <None Include="res\image\shutdown.png">
      <Filter>Resource Files</Filter>
    </None>
    <None Include="res\image\speed.png">
      <Filter>Resource Files</Filter>
    </None>
    <None Include="res\image\speed.svg">
      <Filter>Resource Files</Filter>
    </None>
    <None Include="res\image\splash.png">
      <Filter>Resource Files</Filter>
    </None>
    <None Include="res\image\start.png">
      <Filter>Resource Files</Filter>
    </None>
    <None Include="res\image\step_minus.svg">
      <Filter>Resource Files</Filter>
    </None>
    <None Include="res\image\step_plus.svg">
      <Filter>Resource Files</Filter>
    </None>
    <None Include="res\image\survey.png">
      <Filter>Resource Files</Filter>
    </None>
    <None Include="res\image\syscGreen.png">
      <Filter>Resource Files</Filter>
    </None>
    <None Include="res\image\tip_error.png">
      <Filter>Resource Files</Filter>
    </None>
    <None Include="res\image\tip_success.png">
      <Filter>Resource Files</Filter>
    </None>
    <None Include="res\image\user.png">
      <Filter>Resource Files</Filter>
    </None>
    <None Include="res\image\user_gray.png">
      <Filter>Resource Files</Filter>
    </None>
    <None Include="res\image\vehicle.png">
      <Filter>Resource Files</Filter>
    </None>
    <None Include="res\image\velocity.png">
      <Filter>Resource Files</Filter>
    </None>
    <None Include="res\image\warning.svg">
      <Filter>Resource Files</Filter>
    </None>
    <None Include="res\image\wlc.png">
      <Filter>Resource Files</Filter>
    </None>
  </ItemGroup>
  <ItemGroup>
    <ClCompile Include="..\base\VGGlobalFun.cpp">
      <Filter>base</Filter>
    </ClCompile>
    <ClCompile Include="main.cpp">
      <Filter>UavAdmin</Filter>
    </ClCompile>
    <ClCompile Include="VGApplication.cpp">
      <Filter>UavAdmin</Filter>
    </ClCompile>
    <ClCompile Include="VGNetManager.cpp">
      <Filter>UavAdmin</Filter>
    </ClCompile>
    <ClCompile Include="VGTcpClient.cpp">
      <Filter>UavAdmin</Filter>
    </ClCompile>
    <ClCompile Include="srcload\VGIconEngine.cpp">
      <Filter>UavAdmin\srcload</Filter>
    </ClCompile>
    <ClCompile Include="srcload\VGImageProvider.cpp">
      <Filter>UavAdmin\srcload</Filter>
    </ClCompile>
    <ClCompile Include="VGViewerUI\MapAbstractItem.cpp">
      <Filter>UavAdmin\VGViewerUI</Filter>
    </ClCompile>
    <ClCompile Include="VGViewerUI\QmlObjectListModel.cc">
      <Filter>UavAdmin\VGViewerUI</Filter>
    </ClCompile>
    <ClCompile Include="VGViewerUI\VGMainPage.cpp">
      <Filter>UavAdmin\VGViewerUI</Filter>
    </ClCompile>
    <ClCompile Include="VGViewerUI\VGMapManager.cpp">
      <Filter>UavAdmin\VGViewerUI</Filter>
    </ClCompile>
    <ClCompile Include="VGViewerUI\VGUIInstance.cpp">
      <Filter>UavAdmin\VGViewerUI</Filter>
    </ClCompile>
    <ClCompile Include="VGViewerUI\audio\AudioWorker.cpp">
      <Filter>UavAdmin\VGViewerUI\audio</Filter>
    </ClCompile>
    <ClCompile Include="VGViewerUI\plant\VGPlantInformation.cpp">
      <Filter>UavAdmin\VGViewerUI\plant</Filter>
    </ClCompile>
    <ClCompile Include="VGViewerUI\plant\VGPlantManager.cpp">
      <Filter>UavAdmin\VGViewerUI\plant</Filter>
    </ClCompile>
  </ItemGroup>
  <ItemGroup>
    <ClInclude Include="..\base\VGGlobalFun.h">
      <Filter>base</Filter>
    </ClInclude>
    <ClInclude Include="..\base\VGMavLinkCode.h">
      <Filter>base</Filter>
    </ClInclude>
    <ClInclude Include="srcload\VGIconEngine.h">
      <Filter>UavAdmin\srcload</Filter>
    </ClInclude>
    <ClInclude Include="srcload\VGImageProvider.h">
      <Filter>UavAdmin\srcload</Filter>
    </ClInclude>
  </ItemGroup>
  <ItemGroup>
    <QtMoc Include="VGApplication.h">
      <Filter>UavAdmin</Filter>
    </QtMoc>
    <QtMoc Include="VGNetManager.h">
      <Filter>UavAdmin</Filter>
    </QtMoc>
    <QtMoc Include="VGTcpClient.h">
      <Filter>UavAdmin</Filter>
    </QtMoc>
    <QtMoc Include="VGViewerUI\MapAbstractItem.h">
      <Filter>UavAdmin\VGViewerUI</Filter>
    </QtMoc>
    <QtMoc Include="VGViewerUI\QmlObjectListModel.h">
      <Filter>UavAdmin\VGViewerUI</Filter>
    </QtMoc>
    <QtMoc Include="VGViewerUI\VGMainPage.h">
      <Filter>UavAdmin\VGViewerUI</Filter>
    </QtMoc>
    <QtMoc Include="VGViewerUI\VGMapManager.h">
      <Filter>UavAdmin\VGViewerUI</Filter>
    </QtMoc>
    <QtMoc Include="VGViewerUI\VGUIInstance.h">
      <Filter>UavAdmin\VGViewerUI</Filter>
    </QtMoc>
    <QtMoc Include="VGViewerUI\audio\AudioWorker.h">
      <Filter>UavAdmin\VGViewerUI\audio</Filter>
    </QtMoc>
    <QtMoc Include="VGViewerUI\plant\VGPlantInformation.h">
      <Filter>UavAdmin\VGViewerUI\plant</Filter>
    </QtMoc>
    <QtMoc Include="VGViewerUI\plant\VGPlantManager.h">
      <Filter>UavAdmin\VGViewerUI\plant</Filter>
    </QtMoc>
  </ItemGroup>
</Project>