<?xml version="1.0" encoding="utf-8"?>
<Project xmlns="http://schemas.microsoft.com/developer/msbuild/2003">
  <ItemGroup>
    <Filter Include="Generated Files">
      <UniqueIdentifier>{71ED8ED8-ACB9-4CE9-BBE1-E00B30144E11}</UniqueIdentifier>
      <Extensions>cpp;c;cxx;moc;h;def;odl;idl;res;</Extensions>
    </Filter>
    <Filter Include="Generated Files">
      <UniqueIdentifier>{71ED8ED8-ACB9-4CE9-BBE1-E00B30144E11}</UniqueIdentifier>
      <Extensions>cpp;c;cxx;moc;h;def;odl;idl;res;</Extensions>
    </Filter>
    <Filter Include="Header Files">
      <UniqueIdentifier>{93995380-89BD-4b04-88EB-625FBE52EBFB}</UniqueIdentifier>
      <Extensions>h;hpp;hxx;hm;inl;inc;xsd</Extensions>
    </Filter>
    <Filter Include="Header Files">
      <UniqueIdentifier>{93995380-89BD-4b04-88EB-625FBE52EBFB}</UniqueIdentifier>
      <Extensions>h;hpp;hxx;hm;inl;inc;xsd</Extensions>
    </Filter>
    <Filter Include="Source Files">
      <UniqueIdentifier>{4FC737F1-C7A5-4376-A066-2A32D752A2FF}</UniqueIdentifier>
      <Extensions>cpp;c;cxx;def;odl;idl;hpj;bat;asm;asmx</Extensions>
    </Filter>
    <Filter Include="Source Files">
      <UniqueIdentifier>{4FC737F1-C7A5-4376-A066-2A32D752A2FF}</UniqueIdentifier>
      <Extensions>cpp;c;cxx;def;odl;idl;hpj;bat;asm;asmx</Extensions>
    </Filter>
  </ItemGroup>
  <ItemGroup>
    <ClCompile Include="QGCMapEngine.cpp">
      <Filter>Source Files</Filter>
    </ClCompile>
    <ClCompile Include="QGCMapTileSet.cpp">
      <Filter>Source Files</Filter>
    </ClCompile>
    <ClCompile Include="QGCMapUrlEngine.cpp">
      <Filter>Source Files</Filter>
    </ClCompile>
    <ClCompile Include="QGCTileCacheWorker.cpp">
      <Filter>Source Files</Filter>
    </ClCompile>
    <ClCompile Include="QGeoCodeReplyQGC.cpp">
      <Filter>Source Files</Filter>
    </ClCompile>
    <ClCompile Include="QGeoCodingManagerEngineQGC.cpp">
      <Filter>Source Files</Filter>
    </ClCompile>
    <ClCompile Include="QGeoMapReplyQGC.cpp">
      <Filter>Source Files</Filter>
    </ClCompile>
    <ClCompile Include="QGeoServiceProviderPluginQGC.cpp">
      <Filter>Source Files</Filter>
    </ClCompile>
    <ClCompile Include="QGeoTileFetcherQGC.cpp">
      <Filter>Source Files</Filter>
    </ClCompile>
    <ClCompile Include="QGeoTiledMappingManagerEngineQGC.cpp">
      <Filter>Source Files</Filter>
    </ClCompile>
    <ClCompile Include="VGMapGlobalFunction.cpp">
      <Filter>Source Files</Filter>
    </ClCompile>
  </ItemGroup>
  <ItemGroup>
    <QtMoc Include="QGCMapEngine.h">
      <Filter>Header Files</Filter>
    </QtMoc>
    <QtMoc Include="QGCMapEngineData.h">
      <Filter>Header Files</Filter>
    </QtMoc>
    <QtMoc Include="QGCMapTileSet.h">
      <Filter>Header Files</Filter>
    </QtMoc>
    <QtMoc Include="QGCMapUrlEngine.h">
      <Filter>Header Files</Filter>
    </QtMoc>
    <QtMoc Include="QGCTileCacheWorker.h">
      <Filter>Header Files</Filter>
    </QtMoc>
    <QtMoc Include="QGeoCodeReplyQGC.h">
      <Filter>Header Files</Filter>
    </QtMoc>
    <QtMoc Include="QGeoCodingManagerEngineQGC.h">
      <Filter>Header Files</Filter>
    </QtMoc>
    <QtMoc Include="QGeoMapReplyQGC.h">
      <Filter>Header Files</Filter>
    </QtMoc>
    <QtMoc Include="QGeoServiceProviderPluginQGC.h">
      <Filter>Header Files</Filter>
    </QtMoc>
    <QtMoc Include="QGeoTileFetcherQGC.h">
      <Filter>Header Files</Filter>
    </QtMoc>
    <QtMoc Include="QGeoTiledMappingManagerEngineQGC.h">
      <Filter>Header Files</Filter>
    </QtMoc>
    <ClInclude Include="VGMapGlobalFunction.h">
      <Filter>Header Files</Filter>
    </ClInclude>
  </ItemGroup>
  <ItemGroup>
    <CustomBuild Include=".\moc\moc_predefs.h.cbt" />
  </ItemGroup>
</Project>